# THIS IS AN AUTOGENERATED FILE. DO NOT EDIT THIS FILE DIRECTLY.
# yarn lockfile v1


argparse@^1.0.7:
  version "1.0.10"
  resolved "https://registry.yarnpkg.com/argparse/-/argparse-1.0.10.tgz#bcd6791ea5ae09725e17e5ad988134cd40b3d911"
  integrity sha512-o5Roy6tNG4SL/FOkCAN6RzjiakZS25RLYFrcMttJqbdd8BWrnA+fGz57iN5Pb06pvBGvl5gQ0B48dJlslXvoTg==
  dependencies:
    sprintf-js "~1.0.2"

esprima@^4.0.0:
  version "4.0.1"
  resolved "https://registry.yarnpkg.com/esprima/-/esprima-4.0.1.tgz#13b04cdb3e6c5d19df91ab6987a8695619b0aa71"
  integrity sha512-eGuFFw7Upda+g4p+QHvnW0RyTX/SVeJBDM/gCtMARO0cLuT2HcEKnTPvhjV6aGeqrCB/sbNop0Kszm0jsaWU4A==

i18next-node-fs-backend@^2.1.0:
  version "2.1.0"
  resolved "https://registry.yarnpkg.com/i18next-node-fs-backend/-/i18next-node-fs-backend-2.1.0.tgz#b0ad55eb8671b4dedbd21fe434fb50e964a4ece2"
  integrity sha512-ULb+uQYQj1njn/93cxkAtgrw9STCv1zEM8QySH24c0pFxw8ZJPCV9yq4zTqEWtKaNRd8apvzyr2euoV1k05SbA==
  dependencies:
    js-yaml "3.12.0"
    json5 "2.0.0"

i18next@^12.0.0:
  version "12.0.0"
  resolved "https://registry.yarnpkg.com/i18next/-/i18next-12.0.0.tgz#27c1494219dde0451a8d714d5bfc19bf055d51bb"
  integrity sha512-Zy/nFpmBZxgmi6k9HkHbf+MwvAwiY5BDzNjNfvyLPKyalc2YBwwZtblESDlTKLDO8XSv23qYRY2uZcADDlRSjQ==

js-yaml@3.12.0:
  version "3.12.0"
  resolved "https://registry.yarnpkg.com/js-yaml/-/js-yaml-3.12.0.tgz#eaed656ec8344f10f527c6bfa1b6e2244de167d1"
  integrity sha512-PIt2cnwmPfL4hKNwqeiuz4bKfnzHTBv6HyVgjahA6mPLwPDzjDWrplJBMjHUFxku/N3FlmrbyPclad+I+4mJ3A==
  dependencies:
    argparse "^1.0.7"
    esprima "^4.0.0"

json5@2.0.0:
  version "2.0.0"
  resolved "https://registry.yarnpkg.com/json5/-/json5-2.0.0.tgz#b61abf97aa178c4b5853a66cc8eecafd03045d78"
  integrity sha512-0EdQvHuLm7yJ7lyG5dp7Q3X2ku++BG5ZHaJ5FTnaXpKqDrw4pMxel5Bt3oAYMthnrthFBdnZ1FcsXTPyrQlV0w==
  dependencies:
    minimist "^1.2.0"

minimist@^1.2.0:
  version "1.2.0"
  resolved "https://registry.yarnpkg.com/minimist/-/minimist-1.2.0.tgz#a35008b20f41383eec1fb914f4cd5df79a264284"
  integrity sha1-o1AIsg9BOD7sH7kU9M1d95omQoQ=

sprintf-js@~1.0.2:
  version "1.0.3"
  resolved "https://registry.yarnpkg.com/sprintf-js/-/sprintf-js-1.0.3.tgz#04e6926f662895354f3dd015203633b857297e2c"
  integrity sha1-BOaSb2YolTVPPdAVIDYzuFcpfiw=
